// !$*UTF8*$!
{
	archiveVersion = 1;
	classes = {
	};
	objectVersion = 46;
	objects = {

/* Begin PBXBuildFile section */
		A93683C31D023EC200653350 /* AppDelegate.swift in Sources */ = {isa = PBXBuildFile; fileRef = A93683C21D023EC200653350 /* AppDelegate.swift */; };
		A93683C51D023EC200653350 /* ViewController.swift in Sources */ = {isa = PBXBuildFile; fileRef = A93683C41D023EC200653350 /* ViewController.swift */; };
		A93683C81D023EC200653350 /* Main.storyboard in Resources */ = {isa = PBXBuildFile; fileRef = A93683C61D023EC200653350 /* Main.storyboard */; };
		A93683CA1D023EC200653350 /* Assets.xcassets in Resources */ = {isa = PBXBuildFile; fileRef = A93683C91D023EC200653350 /* Assets.xcassets */; };
		A93683CD1D023EC200653350 /* LaunchScreen.storyboard in Resources */ = {isa = PBXBuildFile; fileRef = A93683CB1D023EC200653350 /* LaunchScreen.storyboard */; };
		A93683D81D023EC200653350 /* MyTodoListTests.swift in Sources */ = {isa = PBXBuildFile; fileRef = A93683D71D023EC200653350 /* MyTodoListTests.swift */; };
		A93683E31D023EC300653350 /* MyTodoListUITests.swift in Sources */ = {isa = PBXBuildFile; fileRef = A93683E21D023EC300653350 /* MyTodoListUITests.swift */; };
		A93A49AD1D04EA3D00A03F7B /* TodoList.swift in Sources */ = {isa = PBXBuildFile; fileRef = A93A49AC1D04EA3D00A03F7B /* TodoList.swift */; };
/* End PBXBuildFile section */

/* Begin PBXContainerItemProxy section */
		A93683D41D023EC200653350 /* PBXContainerItemProxy */ = {
			isa = PBXContainerItemProxy;
			containerPortal = A93683B71D023EC200653350 /* Project object */;
			proxyType = 1;
			remoteGlobalIDString = A93683BE1D023EC200653350;
			remoteInfo = MyTodoList;
		};
		A93683DF1D023EC200653350 /* PBXContainerItemProxy */ = {
			isa = PBXContainerItemProxy;
			containerPortal = A93683B71D023EC200653350 /* Project object */;
			proxyType = 1;
			remoteGlobalIDString = A93683BE1D023EC200653350;
			remoteInfo = MyTodoList;
		};
/* End PBXContainerItemProxy section */

/* Begin PBXFileReference section */
		A93683BF1D023EC200653350 /* MyTodoList.app */ = {isa = PBXFileReference; explicitFileType = wrapper.application; includeInIndex = 0; path = MyTodoList.app; sourceTree = BUILT_PRODUCTS_DIR; };
		A93683C21D023EC200653350 /* AppDelegate.swift */ = {isa = PBXFileReference; lastKnownFileType = sourcecode.swift; path = AppDelegate.swift; sourceTree = "<group>"; };
		A93683C41D023EC200653350 /* ViewController.swift */ = {isa = PBXFileReference; lastKnownFileType = sourcecode.swift; path = ViewController.swift; sourceTree = "<group>"; };
		A93683C71D023EC200653350 /* Base */ = {isa = PBXFileReference; lastKnownFileType = file.storyboard; name = Base; path = Base.lproj/Main.storyboard; sourceTree = "<group>"; };
		A93683C91D023EC200653350 /* Assets.xcassets */ = {isa = PBXFileReference; lastKnownFileType = folder.assetcatalog; path = Assets.xcassets; sourceTree = "<group>"; };
		A93683CC1D023EC200653350 /* Base */ = {isa = PBXFileReference; lastKnownFileType = file.storyboard; name = Base; path = Base.lproj/LaunchScreen.storyboard; sourceTree = "<group>"; };
		A93683CE1D023EC200653350 /* Info.plist */ = {isa = PBXFileReference; lastKnownFileType = text.plist.xml; path = Info.plist; sourceTree = "<group>"; };
		A93683D31D023EC200653350 /* MyTodoListTests.xctest */ = {isa = PBXFileReference; explicitFileType = wrapper.cfbundle; includeInIndex = 0; path = MyTodoListTests.xctest; sourceTree = BUILT_PRODUCTS_DIR; };
		A93683D71D023EC200653350 /* MyTodoListTests.swift */ = {isa = PBXFileReference; lastKnownFileType = sourcecode.swift; path = MyTodoListTests.swift; sourceTree = "<group>"; };
		A93683D91D023EC200653350 /* Info.plist */ = {isa = PBXFileReference; lastKnownFileType = text.plist.xml; path = Info.plist; sourceTree = "<group>"; };
		A93683DE1D023EC200653350 /* MyTodoListUITests.xctest */ = {isa = PBXFileReference; explicitFileType = wrapper.cfbundle; includeInIndex = 0; path = MyTodoListUITests.xctest; sourceTree = BUILT_PRODUCTS_DIR; };
		A93683E21D023EC300653350 /* MyTodoListUITests.swift */ = {isa = PBXFileReference; lastKnownFileType = sourcecode.swift; path = MyTodoListUITests.swift; sourceTree = "<group>"; };
		A93683E41D023EC300653350 /* Info.plist */ = {isa = PBXFileReference; lastKnownFileType = text.plist.xml; path = Info.plist; sourceTree = "<group>"; };
		A93A49AC1D04EA3D00A03F7B /* TodoList.swift */ = {isa = PBXFileReference; fileEncoding = 4; lastKnownFileType = sourcecode.swift; path = TodoList.swift; sourceTree = "<group>"; };
/* End PBXFileReference section */

/* Begin PBXFrameworksBuildPhase section */
		A93683BC1D023EC200653350 /* Frameworks */ = {
			isa = PBXFrameworksBuildPhase;
			buildActionMask = 2147483647;
			files = (
			);
			runOnlyForDeploymentPostprocessing = 0;
		};
		A93683D01D023EC200653350 /* Frameworks */ = {
			isa = PBXFrameworksBuildPhase;
			buildActionMask = 2147483647;
			files = (
			);
			runOnlyForDeploymentPostprocessing = 0;
		};
		A93683DB1D023EC200653350 /* Frameworks */ = {
			isa = PBXFrameworksBuildPhase;
			buildActionMask = 2147483647;
			files = (
			);
			runOnlyForDeploymentPostprocessing = 0;
		};
/* End PBXFrameworksBuildPhase section */

/* Begin PBXGroup section */
		A93683B61D023EC200653350 = {
			isa = PBXGroup;
			children = (
				A93683C11D023EC200653350 /* MyTodoList */,
				A93683D61D023EC200653350 /* MyTodoListTests */,
				A93683E11D023EC300653350 /* MyTodoListUITests */,
				A93683C01D023EC200653350 /* Products */,
			);
			sourceTree = "<group>";
		};
		A93683C01D023EC200653350 /* Products */ = {
			isa = PBXGroup;
			children = (
				A93683BF1D023EC200653350 /* MyTodoList.app */,
				A93683D31D023EC200653350 /* MyTodoListTests.xctest */,
				A93683DE1D023EC200653350 /* MyTodoListUITests.xctest */,
			);
			name = Products;
			sourceTree = "<group>";
		};
		A93683C11D023EC200653350 /* MyTodoList */ = {
			isa = PBXGroup;
			children = (
				A93683C21D023EC200653350 /* AppDelegate.swift */,
				A93683C41D023EC200653350 /* ViewController.swift */,
				A93683C61D023EC200653350 /* Main.storyboard */,
				A93683C91D023EC200653350 /* Assets.xcassets */,
				A93683CB1D023EC200653350 /* LaunchScreen.storyboard */,
				A93683CE1D023EC200653350 /* Info.plist */,
				A93A49AC1D04EA3D00A03F7B /* TodoList.swift */,
			);
			path = MyTodoList;
			sourceTree = "<group>";
		};
		A93683D61D023EC200653350 /* MyTodoListTests */ = {
			isa = PBXGroup;
			children = (
				A93683D71D023EC200653350 /* MyTodoListTests.swift */,
				A93683D91D023EC200653350 /* Info.plist */,
			);
			path = MyTodoListTests;
			sourceTree = "<group>";
		};
		A93683E11D023EC300653350 /* MyTodoListUITests */ = {
			isa = PBXGroup;
			children = (
				A93683E21D023EC300653350 /* MyTodoListUITests.swift */,
				A93683E41D023EC300653350 /* Info.plist */,
			);
			path = MyTodoListUITests;
			sourceTree = "<group>";
		};
/* End PBXGroup section */

/* Begin PBXNativeTarget section */
		A93683BE1D023EC200653350 /* MyTodoList */ = {
			isa = PBXNativeTarget;
			buildConfigurationList = A93683E71D023EC300653350 /* Build configuration list for PBXNativeTarget "MyTodoList" */;
			buildPhases = (
				A93683BB1D023EC200653350 /* Sources */,
				A93683BC1D023EC200653350 /* Frameworks */,
				A93683BD1D023EC200653350 /* Resources */,
			);
			buildRules = (
			);
			dependencies = (
			);
			name = MyTodoList;
			productName = MyTodoList;
			productReference = A93683BF1D023EC200653350 /* MyTodoList.app */;
			productType = "com.apple.product-type.application";
		};
		A93683D21D023EC200653350 /* MyTodoListTests */ = {
			isa = PBXNativeTarget;
			buildConfigurationList = A93683EA1D023EC300653350 /* Build configuration list for PBXNativeTarget "MyTodoListTests" */;
			buildPhases = (
				A93683CF1D023EC200653350 /* Sources */,
				A93683D01D023EC200653350 /* Frameworks */,
				A93683D11D023EC200653350 /* Resources */,
			);
			buildRules = (
			);
			dependencies = (
				A93683D51D023EC200653350 /* PBXTargetDependency */,
			);
			name = MyTodoListTests;
			productName = MyTodoListTests;
			productReference = A93683D31D023EC200653350 /* MyTodoListTests.xctest */;
			productType = "com.apple.product-type.bundle.unit-test";
		};
		A93683DD1D023EC200653350 /* MyTodoListUITests */ = {
			isa = PBXNativeTarget;
			buildConfigurationList = A93683ED1D023EC300653350 /* Build configuration list for PBXNativeTarget "MyTodoListUITests" */;
			buildPhases = (
				A93683DA1D023EC200653350 /* Sources */,
				A93683DB1D023EC200653350 /* Frameworks */,
				A93683DC1D023EC200653350 /* Resources */,
			);
			buildRules = (
			);
			dependencies = (
				A93683E01D023EC200653350 /* PBXTargetDependency */,
			);
			name = MyTodoListUITests;
			productName = MyTodoListUITests;
			productReference = A93683DE1D023EC200653350 /* MyTodoListUITests.xctest */;
			productType = "com.apple.product-type.bundle.ui-testing";
		};
/* End PBXNativeTarget section */

/* Begin PBXProject section */
		A93683B71D023EC200653350 /* Project object */ = {
			isa = PBXProject;
			attributes = {
				LastSwiftUpdateCheck = 0730;
				LastUpgradeCheck = 0730;
				ORGANIZATIONNAME = "Jorge Ferreiro";
				TargetAttributes = {
					A93683BE1D023EC200653350 = {
						CreatedOnToolsVersion = 7.3.1;
					};
					A93683D21D023EC200653350 = {
						CreatedOnToolsVersion = 7.3.1;
						TestTargetID = A93683BE1D023EC200653350;
					};
					A93683DD1D023EC200653350 = {
						CreatedOnToolsVersion = 7.3.1;
						TestTargetID = A93683BE1D023EC200653350;
					};
				};
			};
			buildConfigurationList = A93683BA1D023EC200653350 /* Build configuration list for PBXProject "MyTodoList" */;
			compatibilityVersion = "Xcode 3.2";
			developmentRegion = English;
			hasScannedForEncodings = 0;
			knownRegions = (
				en,
				Base,
			);
			mainGroup = A93683B61D023EC200653350;
			productRefGroup = A93683C01D023EC200653350 /* Products */;
			projectDirPath = "";
			projectRoot = "";
			targets = (
				A93683BE1D023EC200653350 /* MyTodoList */,
				A93683D21D023EC200653350 /* MyTodoListTests */,
				A93683DD1D023EC200653350 /* MyTodoListUITests */,
			);
		};
/* End PBXProject section */

/* Begin PBXResourcesBuildPhase section */
		A93683BD1D023EC200653350 /* Resources */ = {
			isa = PBXResourcesBuildPhase;
			buildActionMask = 2147483647;
			files = (
				A93683CD1D023EC200653350 /* LaunchScreen.storyboard in Resources */,
				A93683CA1D023EC200653350 /* Assets.xcassets in Resources */,
				A93683C81D023EC200653350 /* Main.storyboard in Resources */,
			);
			runOnlyForDeploymentPostprocessing = 0;
		};
		A93683D11D023EC200653350 /* Resources */ = {
			isa = PBXResourcesBuildPhase;
			buildActionMask = 2147483647;
			files = (
			);
			runOnlyForDeploymentPostprocessing = 0;
		};
		A93683DC1D023EC200653350 /* Resources */ = {
			isa = PBXResourcesBuildPhase;
			buildActionMask = 2147483647;
			files = (
			);
			runOnlyForDeploymentPostprocessing = 0;
		};
/* End PBXResourcesBuildPhase section */

/* Begin PBXSourcesBuildPhase section */
		A93683BB1D023EC200653350 /* Sources */ = {
			isa = PBXSourcesBuildPhase;
			buildActionMask = 2147483647;
			files = (
				A93A49AD1D04EA3D00A03F7B /* TodoList.swift in Sources */,
				A93683C51D023EC200653350 /* ViewController.swift in Sources */,
				A93683C31D023EC200653350 /* AppDelegate.swift in Sources */,
			);
			runOnlyForDeploymentPostprocessing = 0;
		};
		A93683CF1D023EC200653350 /* Sources */ = {
			isa = PBXSourcesBuildPhase;
			buildActionMask = 2147483647;
			files = (
				A93683D81D023EC200653350 /* MyTodoListTests.swift in Sources */,
			);
			runOnlyForDeploymentPostprocessing = 0;
		};
		A93683DA1D023EC200653350 /* Sources */ = {
			isa = PBXSourcesBuildPhase;
			buildActionMask = 2147483647;
			files = (
				A93683E31D023EC300653350 /* MyTodoListUITests.swift in Sources */,
			);
			runOnlyForDeploymentPostprocessing = 0;
		};
/* End PBXSourcesBuildPhase section */

/* Begin PBXTargetDependency section */
		A93683D51D023EC200653350 /* PBXTargetDependency */ = {
			isa = PBXTargetDependency;
			target = A93683BE1D023EC200653350 /* MyTodoList */;
			targetProxy = A93683D41D023EC200653350 /* PBXContainerItemProxy */;
		};
		A93683E01D023EC200653350 /* PBXTargetDependency */ = {
			isa = PBXTargetDependency;
			target = A93683BE1D023EC200653350 /* MyTodoList */;
			targetProxy = A93683DF1D023EC200653350 /* PBXContainerItemProxy */;
		};
/* End PBXTargetDependency section */

/* Begin PBXVariantGroup section */
		A93683C61D023EC200653350 /* Main.storyboard */ = {
			isa = PBXVariantGroup;
			children = (
				A93683C71D023EC200653350 /* Base */,
			);
			name = Main.storyboard;
			sourceTree = "<group>";
		};
		A93683CB1D023EC200653350 /* LaunchScreen.storyboard */ = {
			isa = PBXVariantGroup;
			children = (
				A93683CC1D023EC200653350 /* Base */,
			);
			name = LaunchScreen.storyboard;
			sourceTree = "<group>";
		};
/* End PBXVariantGroup section */

/* Begin XCBuildConfiguration section */
		A93683E51D023EC300653350 /* Debug */ = {
			isa = XCBuildConfiguration;
			buildSettings = {
				ALWAYS_SEARCH_USER_PATHS = NO;
				CLANG_ANALYZER_NONNULL = YES;
				CLANG_CXX_LANGUAGE_STANDARD = "gnu++0x";
				CLANG_CXX_LIBRARY = "libc++";
				CLANG_ENABLE_MODULES = YES;
				CLANG_ENABLE_OBJC_ARC = YES;
				CLANG_WARN_BOOL_CONVERSION = YES;
				CLANG_WARN_CONSTANT_CONVERSION = YES;
				CLANG_WARN_DIRECT_OBJC_ISA_USAGE = YES_ERROR;
				CLANG_WARN_EMPTY_BODY = YES;
				CLANG_WARN_ENUM_CONVERSION = YES;
				CLANG_WARN_INT_CONVERSION = YES;
				CLANG_WARN_OBJC_ROOT_CLASS = YES_ERROR;
				CLANG_WARN_UNREACHABLE_CODE = YES;
				CLANG_WARN__DUPLICATE_METHOD_MATCH = YES;
				"CODE_SIGN_IDENTITY[sdk=iphoneos*]" = "iPhone Developer";
				COPY_PHASE_STRIP = NO;
				DEBUG_INFORMATION_FORMAT = dwarf;
				ENABLE_STRICT_OBJC_MSGSEND = YES;
				ENABLE_TESTABILITY = YES;
				GCC_C_LANGUAGE_STANDARD = gnu99;
				GCC_DYNAMIC_NO_PIC = NO;
				GCC_NO_COMMON_BLOCKS = YES;
				GCC_OPTIMIZATION_LEVEL = 0;
				GCC_PREPROCESSOR_DEFINITIONS = (
					"DEBUG=1",
					"$(inherited)",
				);
				GCC_WARN_64_TO_32_BIT_CONVERSION = YES;
				GCC_WARN_ABOUT_RETURN_TYPE = YES_ERROR;
				GCC_WARN_UNDECLARED_SELECTOR = YES;
				GCC_WARN_UNINITIALIZED_AUTOS = YES_AGGRESSIVE;
				GCC_WARN_UNUSED_FUNCTION = YES;
				GCC_WARN_UNUSED_VARIABLE = YES;
				IPHONEOS_DEPLOYMENT_TARGET = 9.3;
				MTL_ENABLE_DEBUG_INFO = YES;
				ONLY_ACTIVE_ARCH = YES;
				SDKROOT = iphoneos;
				SWIFT_OPTIMIZATION_LEVEL = "-Onone";
			};
			name = Debug;
		};
		A93683E61D023EC300653350 /* Release */ = {
			isa = XCBuildConfiguration;
			buildSettings = {
				ALWAYS_SEARCH_USER_PATHS = NO;
				CLANG_ANALYZER_NONNULL = YES;
				CLANG_CXX_LANGUAGE_STANDARD = "gnu++0x";
				CLANG_CXX_LIBRARY = "libc++";
				CLANG_ENABLE_MODULES = YES;
				CLANG_ENABLE_OBJC_ARC = YES;
				CLANG_WARN_BOOL_CONVERSION = YES;
				CLANG_WARN_CONSTANT_CONVERSION = YES;
				CLANG_WARN_DIRECT_OBJC_ISA_USAGE = YES_ERROR;
				CLANG_WARN_EMPTY_BODY = YES;
				CLANG_WARN_ENUM_CONVERSION = YES;
				CLANG_WARN_INT_CONVERSION = YES;
				CLANG_WARN_OBJC_ROOT_CLASS = YES_ERROR;
				CLANG_WARN_UNREACHABLE_CODE = YES;
				CLANG_WARN__DUPLICATE_METHOD_MATCH = YES;
				"CODE_SIGN_IDENTITY[sdk=iphoneos*]" = "iPhone Developer";
				COPY_PHASE_STRIP = NO;
				DEBUG_INFORMATION_FORMAT = "dwarf-with-dsym";
				ENABLE_NS_ASSERTIONS = NO;
				ENABLE_STRICT_OBJC_MSGSEND = YES;
				GCC_C_LANGUAGE_STANDARD = gnu99;
				GCC_NO_COMMON_BLOCKS = YES;
				GCC_WARN_64_TO_32_BIT_CONVERSION = YES;
				GCC_WARN_ABOUT_RETURN_TYPE = YES_ERROR;
				GCC_WARN_UNDECLARED_SELECTOR = YES;
				GCC_WARN_UNINITIALIZED_AUTOS = YES_AGGRESSIVE;
				GCC_WARN_UNUSED_FUNCTION = YES;
				GCC_WARN_UNUSED_VARIABLE = YES;
				IPHONEOS_DEPLOYMENT_TARGET = 9.3;
				MTL_ENABLE_DEBUG_INFO = NO;
				SDKROOT = iphoneos;
				VALIDATE_PRODUCT = YES;
			};
			name = Release;
		};
		A93683E81D023EC300653350 /* Debug */ = {
			isa = XCBuildConfiguration;
			buildSettings = {
				ASSETCATALOG_COMPILER_APPICON_NAME = AppIcon;
				INFOPLIST_FILE = MyTodoList/Info.plist;
				LD_RUNPATH_SEARCH_PATHS = "$(inherited) @executable_path/Frameworks";
				PRODUCT_BUNDLE_IDENTIFIER = com.ferreiro.MyTodoList;
				PRODUCT_NAME = "$(TARGET_NAME)";
			};
			name = Debug;
		};
		A93683E91D023EC300653350 /* Release */ = {
			isa = XCBuildConfiguration;
			buildSettings = {
				ASSETCATALOG_COMPILER_APPICON_NAME = AppIcon;
				INFOPLIST_FILE = MyTodoList/Info.plist;
				LD_RUNPATH_SEARCH_PATHS = "$(inherited) @executable_path/Frameworks";
				PRODUCT_BUNDLE_IDENTIFIER = com.ferreiro.MyTodoList;
				PRODUCT_NAME = "$(TARGET_NAME)";
			};
			name = Release;
		};
		A93683EB1D023EC300653350 /* Debug */ = {
			isa = XCBuildConfiguration;
			buildSettings = {
				BUNDLE_LOADER = "$(TEST_HOST)";
				INFOPLIST_FILE = MyTodoListTests/Info.plist;
				LD_RUNPATH_SEARCH_PATHS = "$(inherited) @executable_path/Frameworks @loader_path/Frameworks";
				PRODUCT_BUNDLE_IDENTIFIER = com.ferreiro.MyTodoListTests;
				PRODUCT_NAME = "$(TARGET_NAME)";
				TEST_HOST = "$(BUILT_PRODUCTS_DIR)/MyTodoList.app/MyTodoList";
			};
			name = Debug;
		};
		A93683EC1D023EC300653350 /* Release */ = {
			isa = XCBuildConfiguration;
			buildSettings = {
				BUNDLE_LOADER = "$(TEST_HOST)";
				INFOPLIST_FILE = MyTodoListTests/Info.plist;
				LD_RUNPATH_SEARCH_PATHS = "$(inherited) @executable_path/Frameworks @loader_path/Frameworks";
				PRODUCT_BUNDLE_IDENTIFIER = com.ferreiro.MyTodoListTests;
				PRODUCT_NAME = "$(TARGET_NAME)";
				TEST_HOST = "$(BUILT_PRODUCTS_DIR)/MyTodoList.app/MyTodoList";
			};
			name = Release;
		};
		A93683EE1D023EC300653350 /* Debug */ = {
			isa = XCBuildConfiguration;
			buildSettings = {
				INFOPLIST_FILE = MyTodoListUITests/Info.plist;
				LD_RUNPATH_SEARCH_PATHS = "$(inherited) @executable_path/Frameworks @loader_path/Frameworks";
				PRODUCT_BUNDLE_IDENTIFIER = com.ferreiro.MyTodoListUITests;
				PRODUCT_NAME = "$(TARGET_NAME)";
				TEST_TARGET_NAME = MyTodoList;
			};
			name = Debug;
		};
		A93683EF1D023EC300653350 /* Release */ = {
			isa = XCBuildConfiguration;
			buildSettings = {
				INFOPLIST_FILE = MyTodoListUITests/Info.plist;
				LD_RUNPATH_SEARCH_PATHS = "$(inherited) @executable_path/Frameworks @loader_path/Frameworks";
				PRODUCT_BUNDLE_IDENTIFIER = com.ferreiro.MyTodoListUITests;
				PRODUCT_NAME = "$(TARGET_NAME)";
				TEST_TARGET_NAME = MyTodoList;
			};
			name = Release;
		};
/* End XCBuildConfiguration section */

/* Begin XCConfigurationList section */
		A93683BA1D023EC200653350 /* Build configuration list for PBXProject "MyTodoList" */ = {
			isa = XCConfigurationList;
			buildConfigurations = (
				A93683E51D023EC300653350 /* Debug */,
				A93683E61D023EC300653350 /* Release */,
			);
			defaultConfigurationIsVisible = 0;
			defaultConfigurationName = Release;
		};
		A93683E71D023EC300653350 /* Build configuration list for PBXNativeTarget "MyTodoList" */ = {
			isa = XCConfigurationList;
			buildConfigurations = (
				A93683E81D023EC300653350 /* Debug */,
				A93683E91D023EC300653350 /* Release */,
			);
			defaultConfigurationIsVisible = 0;
			defaultConfigurationName = Release;
		};
		A93683EA1D023EC300653350 /* Build configuration list for PBXNativeTarget "MyTodoListTests" */ = {
			isa = XCConfigurationList;
			buildConfigurations = (
				A93683EB1D023EC300653350 /* Debug */,
				A93683EC1D023EC300653350 /* Release */,
			);
			defaultConfigurationIsVisible = 0;
			defaultConfigurationName = Release;
		};
		A93683ED1D023EC300653350 /* Build configuration list for PBXNativeTarget "MyTodoListUITests" */ = {
			isa = XCConfigurationList;
			buildConfigurations = (
				A93683EE1D023EC300653350 /* Debug */,
				A93683EF1D023EC300653350 /* Release */,
			);
			defaultConfigurationIsVisible = 0;
			defaultConfigurationName = Release;
		};
/* End XCConfigurationList section */
	};
	rootObject = A93683B71D023EC200653350 /* Project object */;
}
